
Microsoft Visual Studio Solution File, Format Version 12.00
# Visual Studio Version 17
VisualStudioVersion = 17.1.32407.343
MinimumVisualStudioVersion = 10.0.40219.1
Project("{FAE04EC0-301F-11D3-BF4B-00C04F79EFBC}") = "Full Map and Sprites", "Full Map and Sprites\Full Map and Sprites.csproj", "{6B819CCD-FA64-46F1-B6BA-32C59C9B047D}"
EndProject
Global
	GlobalSection(SolutionConfigurationPlatforms) = preSolution
		Debug|Any CPU = Debug|Any CPU
		Release|Any CPU = Release|Any CPU
	EndGlobalSection
	GlobalSection(ProjectConfigurationPlatforms) = postSolution
		{6B819CCD-FA64-46F1-B6BA-32C59C9B047D}.Debug|Any CPU.ActiveCfg = Debug|Any CPU
		{6B819CCD-FA64-46F1-B6BA-32C59C9B047D}.Debug|Any CPU.Build.0 = Debug|Any CPU
		{6B819CCD-FA64-46F1-B6BA-32C59C9B047D}.Release|Any CPU.ActiveCfg = Release|Any CPU
		{6B819CCD-FA64-46F1-B6BA-32C59C9B047D}.Release|Any CPU.Build.0 = Release|Any CPU
	EndGlobalSection
	GlobalSection(SolutionProperties) = preSolution
		HideSolutionNode = FALSE
	EndGlobalSection
	GlobalSection(ExtensibilityGlobals) = postSolution
		SolutionGuid = {60EA37E1-9879-433D-939D-EE20B64DAB2E}
	EndGlobalSection
EndGlobal
