
Microsoft Visual Studio Solution File, Format Version 12.00
# Visual Studio Version 17
VisualStudioVersion = 17.5.33414.496
MinimumVisualStudioVersion = 10.0.40219.1
Project("{FAE04EC0-301F-11D3-BF4B-00C04F79EFBC}") = "C# Review 2", "C# Review 2\C# Review 2.csproj", "{958A298E-E6E3-41A3-87AC-F587C1FAAEDD}"
EndProject
Global
	GlobalSection(SolutionConfigurationPlatforms) = preSolution
		Debug|Any CPU = Debug|Any CPU
		Release|Any CPU = Release|Any CPU
	EndGlobalSection
	GlobalSection(ProjectConfigurationPlatforms) = postSolution
		{958A298E-E6E3-41A3-87AC-F587C1FAAEDD}.Debug|Any CPU.ActiveCfg = Debug|Any CPU
		{958A298E-E6E3-41A3-87AC-F587C1FAAEDD}.Debug|Any CPU.Build.0 = Debug|Any CPU
		{958A298E-E6E3-41A3-87AC-F587C1FAAEDD}.Release|Any CPU.ActiveCfg = Release|Any CPU
		{958A298E-E6E3-41A3-87AC-F587C1FAAEDD}.Release|Any CPU.Build.0 = Release|Any CPU
	EndGlobalSection
	GlobalSection(SolutionProperties) = preSolution
		HideSolutionNode = FALSE
	EndGlobalSection
	GlobalSection(ExtensibilityGlobals) = postSolution
		SolutionGuid = {1717150C-27EC-4FA7-B67C-94E1984F2CF6}
	EndGlobalSection
EndGlobal
