
Microsoft Visual Studio Solution File, Format Version 12.00
# Visual Studio Version 17
VisualStudioVersion = 17.5.33414.496
MinimumVisualStudioVersion = 10.0.40219.1
Project("{FAE04EC0-301F-11D3-BF4B-00C04F79EFBC}") = "Paycheck", "Paycheck\Paycheck.csproj", "{0F990BA4-9898-46FF-89EE-D445D1B62CDD}"
EndProject
Global
	GlobalSection(SolutionConfigurationPlatforms) = preSolution
		Debug|Any CPU = Debug|Any CPU
		Release|Any CPU = Release|Any CPU
	EndGlobalSection
	GlobalSection(ProjectConfigurationPlatforms) = postSolution
		{0F990BA4-9898-46FF-89EE-D445D1B62CDD}.Debug|Any CPU.ActiveCfg = Debug|Any CPU
		{0F990BA4-9898-46FF-89EE-D445D1B62CDD}.Debug|Any CPU.Build.0 = Debug|Any CPU
		{0F990BA4-9898-46FF-89EE-D445D1B62CDD}.Release|Any CPU.ActiveCfg = Release|Any CPU
		{0F990BA4-9898-46FF-89EE-D445D1B62CDD}.Release|Any CPU.Build.0 = Release|Any CPU
	EndGlobalSection
	GlobalSection(SolutionProperties) = preSolution
		HideSolutionNode = FALSE
	EndGlobalSection
	GlobalSection(ExtensibilityGlobals) = postSolution
		SolutionGuid = {F0310742-9247-4CEA-837E-28CE97CEB468}
	EndGlobalSection
EndGlobal
